hash: b26f9265ea1fc53f46b587031dad86be0324ae1ce75d3ad3357405e16bf519e1
updated: 2018-09-20T08:35:20.810214325-05:00
imports:
- name: github.com/ReconfigureIO/fixed
  version: 019e8e9cf87a7b55a8a8b78eecbc1d7fede75eec
  subpackages:
  - host
- name: github.com/ReconfigureIO/math
  version: 4df717df47b94250f0384d9a28a59585162c1ab4
  subpackages:
  - rand
- name: github.com/ReconfigureIO/sdaccel
  version: b7ebfa6c653cf1c6dbdb5107dc2a71e184b921b8
  subpackages:
  - axi/arbitrate
  - axi/memory
  - axi/protocol
  - xcl
testImports: []
